{
  "nodes": {
    "devenv": {
      "locked": {
        "dir": "src/modules",
        "lastModified": 1789152246,
        "narHash": "sha256-8ESHEGygXS5lmDepm5cMbmVd8DjcwgwzsmjHc9ffY1c=",
        "owner": "cachix",
        "repo": "devenv",
        "rev": "6e323832a55097670dbd8eed04b1e63efc841dfa",
        "type": "github"
      },
      "original": {
        "dir": "src/modules",
        "owner": "cachix",
        "repo": "devenv",
        "type": "github"
      }
    },
    "nixpkgs": {
      "locked": {
        "lastModified": 1788647460,
        "narHash": "sha256-7kqOePu3VYu6m/wa9ra+4aq8J+4Reli70SaP7OUuNVs=",
        "owner": "NixOS",
        "repo": "nixpkgs",
        "rev": "64b9d620ebb6002bf92fc3f0450b72b8930ed57b",
        "type": "github"
      },
      "original": {
        "owner": "NixOS",
        "repo": "nixpkgs",
        "rev": "64b9d620ebb6002bf92fc3f0450b72b8930ed57b",
        "type": "github"
      }
    },
    "root": {
      "inputs": {
        "devenv": "devenv",
        "nixpkgs": "nixpkgs"
      }
    }
  },
  "root": "root",
  "version": 7
}